
Microsoft Visual Studio Solution File, Format Version 12.00
# Visual Studio Version 17
VisualStudioVersion = 17.14.36327.8 d17.14
MinimumVisualStudioVersion = 10.0.40219.1
Project("{888888A0-9F3D-457C-B088-3A5042F75D52}") = "webhoconl", "webhoconl.pyproj", "{F24A94ED-8F78-4A26-B50B-6053080A282A}"
EndProject
Global
	GlobalSection(SolutionConfigurationPlatforms) = preSolution
		Debug|Any CPU = Debug|Any CPU
		Release|Any CPU = Release|Any CPU
	EndGlobalSection
	GlobalSection(ProjectConfigurationPlatforms) = postSolution
		{F24A94ED-8F78-4A26-B50B-6053080A282A}.Debug|Any CPU.ActiveCfg = Debug|Any CPU
		{F24A94ED-8F78-4A26-B50B-6053080A282A}.Release|Any CPU.ActiveCfg = Release|Any CPU
	EndGlobalSection
	GlobalSection(SolutionProperties) = preSolution
		HideSolutionNode = FALSE
	EndGlobalSection
	GlobalSection(ExtensibilityGlobals) = postSolution
		SolutionGuid = {F8CB7C21-2D67-4D2B-B508-2731F374CCE9}
	EndGlobalSection
EndGlobal
